
Microsoft Visual Studio Solution File, Format Version 12.00
# Visual Studio Version 17
VisualStudioVersion = 17.14.36109.1 d17.14
MinimumVisualStudioVersion = 10.0.40219.1
Project("{FAE04EC0-301F-11D3-BF4B-00C04F79EFBC}") = "Campus", "Campus\Campus.csproj", "{1960FCF0-FFB3-4A5F-935B-50B0F22AE680}"
EndProject
Global
	GlobalSection(SolutionConfigurationPlatforms) = preSolution
		Debug|Any CPU = Debug|Any CPU
		Release|Any CPU = Release|Any CPU
	EndGlobalSection
	GlobalSection(ProjectConfigurationPlatforms) = postSolution
		{1960FCF0-FFB3-4A5F-935B-50B0F22AE680}.Debug|Any CPU.ActiveCfg = Debug|Any CPU
		{1960FCF0-FFB3-4A5F-935B-50B0F22AE680}.Debug|Any CPU.Build.0 = Debug|Any CPU
		{1960FCF0-FFB3-4A5F-935B-50B0F22AE680}.Release|Any CPU.ActiveCfg = Release|Any CPU
		{1960FCF0-FFB3-4A5F-935B-50B0F22AE680}.Release|Any CPU.Build.0 = Release|Any CPU
	EndGlobalSection
	GlobalSection(SolutionProperties) = preSolution
		HideSolutionNode = FALSE
	EndGlobalSection
	GlobalSection(ExtensibilityGlobals) = postSolution
		SolutionGuid = {798E9775-DACD-4299-92E6-735BD3C8B9EE}
	EndGlobalSection
EndGlobal
